// !$*UTF8*$!
{
	archiveVersion = 1;
	classes = {
	};
	objectVersion = 77;
	objects = {

/* Begin PBXBuildFile section */
		C146ACA02E87711D0039CDD6 /* LabelKit in Frameworks */ = {isa = PBXBuildFile; productRef = C146AC9F2E87711D0039CDD6 /* LabelKit */; };
/* End PBXBuildFile section */

/* Begin PBXContainerItemProxy section */
		C146AC732E876D490039CDD6 /* PBXContainerItemProxy */ = {
			isa = PBXContainerItemProxy;
			containerPortal = C146AC5D2E876D480039CDD6 /* Project object */;
			proxyType = 1;
			remoteGlobalIDString = C146AC642E876D480039CDD6;
			remoteInfo = LabelGUI;
		};
		C146AC7D2E876D490039CDD6 /* PBXContainerItemProxy */ = {
			isa = PBXContainerItemProxy;
			containerPortal = C146AC5D2E876D480039CDD6 /* Project object */;
			proxyType = 1;
			remoteGlobalIDString = C146AC642E876D480039CDD6;
			remoteInfo = LabelGUI;
		};
/* End PBXContainerItemProxy section */

/* Begin PBXFileReference section */
		C146AC652E876D480039CDD6 /* LabelGUI.app */ = {isa = PBXFileReference; explicitFileType = wrapper.application; includeInIndex = 0; path = LabelGUI.app; sourceTree = BUILT_PRODUCTS_DIR; };
		C146AC722E876D490039CDD6 /* LabelGUITests.xctest */ = {isa = PBXFileReference; explicitFileType = wrapper.cfbundle; includeInIndex = 0; path = LabelGUITests.xctest; sourceTree = BUILT_PRODUCTS_DIR; };
		C146AC7C2E876D490039CDD6 /* LabelGUIUITests.xctest */ = {isa = PBXFileReference; explicitFileType = wrapper.cfbundle; includeInIndex = 0; path = LabelGUIUITests.xctest; sourceTree = BUILT_PRODUCTS_DIR; };
/* End PBXFileReference section */

/* Begin PBXFileSystemSynchronizedRootGroup section */
		C146AC672E876D480039CDD6 /* LabelGUI */ = {
			isa = PBXFileSystemSynchronizedRootGroup;
			path = LabelGUI;
			sourceTree = "<group>";
		};
		C146AC752E876D490039CDD6 /* LabelGUITests */ = {
			isa = PBXFileSystemSynchronizedRootGroup;
			path = LabelGUITests;
			sourceTree = "<group>";
		};
		C146AC7F2E876D490039CDD6 /* LabelGUIUITests */ = {
			isa = PBXFileSystemSynchronizedRootGroup;
			path = LabelGUIUITests;
			sourceTree = "<group>";
		};
/* End PBXFileSystemSynchronizedRootGroup section */

/* Begin PBXFrameworksBuildPhase section */
		C146AC622E876D480039CDD6 /* Frameworks */ = {
			isa = PBXFrameworksBuildPhase;
			buildActionMask = 2147483647;
			files = (
				C146ACA02E87711D0039CDD6 /* LabelKit in Frameworks */,
			);
			runOnlyForDeploymentPostprocessing = 0;
		};
		C146AC6F2E876D490039CDD6 /* Frameworks */ = {
			isa = PBXFrameworksBuildPhase;
			buildActionMask = 2147483647;
			files = (
			);
			runOnlyForDeploymentPostprocessing = 0;
		};
		C146AC792E876D490039CDD6 /* Frameworks */ = {
			isa = PBXFrameworksBuildPhase;
			buildActionMask = 2147483647;
			files = (
			);
			runOnlyForDeploymentPostprocessing = 0;
		};
/* End PBXFrameworksBuildPhase section */

/* Begin PBXGroup section */
		C146AC5C2E876D480039CDD6 = {
			isa = PBXGroup;
			children = (
				C146AC672E876D480039CDD6 /* LabelGUI */,
				C146AC752E876D490039CDD6 /* LabelGUITests */,
				C146AC7F2E876D490039CDD6 /* LabelGUIUITests */,
				C146AC662E876D480039CDD6 /* Products */,
			);
			sourceTree = "<group>";
		};
		C146AC662E876D480039CDD6 /* Products */ = {
			isa = PBXGroup;
			children = (
				C146AC652E876D480039CDD6 /* LabelGUI.app */,
				C146AC722E876D490039CDD6 /* LabelGUITests.xctest */,
				C146AC7C2E876D490039CDD6 /* LabelGUIUITests.xctest */,
			);
			name = Products;
			sourceTree = "<group>";
		};
/* End PBXGroup section */

/* Begin PBXNativeTarget section */
		C146AC642E876D480039CDD6 /* LabelGUI */ = {
			isa = PBXNativeTarget;
			buildConfigurationList = C146AC862E876D490039CDD6 /* Build configuration list for PBXNativeTarget "LabelGUI" */;
			buildPhases = (
				C146AC612E876D480039CDD6 /* Sources */,
				C146AC622E876D480039CDD6 /* Frameworks */,
				C146AC632E876D480039CDD6 /* Resources */,
			);
			buildRules = (
			);
			dependencies = (
			);
			fileSystemSynchronizedGroups = (
				C146AC672E876D480039CDD6 /* LabelGUI */,
			);
			name = LabelGUI;
			packageProductDependencies = (
				C146AC9F2E87711D0039CDD6 /* LabelKit */,
			);
			productName = LabelGUI;
			productReference = C146AC652E876D480039CDD6 /* LabelGUI.app */;
			productType = "com.apple.product-type.application";
		};
		C146AC712E876D490039CDD6 /* LabelGUITests */ = {
			isa = PBXNativeTarget;
			buildConfigurationList = C146AC892E876D490039CDD6 /* Build configuration list for PBXNativeTarget "LabelGUITests" */;
			buildPhases = (
				C146AC6E2E876D490039CDD6 /* Sources */,
				C146AC6F2E876D490039CDD6 /* Frameworks */,
				C146AC702E876D490039CDD6 /* Resources */,
			);
			buildRules = (
			);
			dependencies = (
				C146AC742E876D490039CDD6 /* PBXTargetDependency */,
			);
			fileSystemSynchronizedGroups = (
				C146AC752E876D490039CDD6 /* LabelGUITests */,
			);
			name = LabelGUITests;
			packageProductDependencies = (
			);
			productName = LabelGUITests;
			productReference = C146AC722E876D490039CDD6 /* LabelGUITests.xctest */;
			productType = "com.apple.product-type.bundle.unit-test";
		};
		C146AC7B2E876D490039CDD6 /* LabelGUIUITests */ = {
			isa = PBXNativeTarget;
			buildConfigurationList = C146AC8C2E876D490039CDD6 /* Build configuration list for PBXNativeTarget "LabelGUIUITests" */;
			buildPhases = (
				C146AC782E876D490039CDD6 /* Sources */,
				C146AC792E876D490039CDD6 /* Frameworks */,
				C146AC7A2E876D490039CDD6 /* Resources */,
			);
			buildRules = (
			);
			dependencies = (
				C146AC7E2E876D490039CDD6 /* PBXTargetDependency */,
			);
			fileSystemSynchronizedGroups = (
				C146AC7F2E876D490039CDD6 /* LabelGUIUITests */,
			);
			name = LabelGUIUITests;
			packageProductDependencies = (
			);
			productName = LabelGUIUITests;
			productReference = C146AC7C2E876D490039CDD6 /* LabelGUIUITests.xctest */;
			productType = "com.apple.product-type.bundle.ui-testing";
		};
/* End PBXNativeTarget section */

/* Begin PBXProject section */
		C146AC5D2E876D480039CDD6 /* Project object */ = {
			isa = PBXProject;
			attributes = {
				BuildIndependentTargetsInParallel = 1;
				LastSwiftUpdateCheck = 2600;
				LastUpgradeCheck = 2600;
				TargetAttributes = {
					C146AC642E876D480039CDD6 = {
						CreatedOnToolsVersion = 26.0;
					};
					C146AC712E876D490039CDD6 = {
						CreatedOnToolsVersion = 26.0;
						TestTargetID = C146AC642E876D480039CDD6;
					};
					C146AC7B2E876D490039CDD6 = {
						CreatedOnToolsVersion = 26.0;
						TestTargetID = C146AC642E876D480039CDD6;
					};
				};
			};
			buildConfigurationList = C146AC602E876D480039CDD6 /* Build configuration list for PBXProject "LabelGUI" */;
			developmentRegion = en;
			hasScannedForEncodings = 0;
			knownRegions = (
				en,
				Base,
			);
			mainGroup = C146AC5C2E876D480039CDD6;
			minimizedProjectReferenceProxies = 1;
			packageReferences = (
				C146AC9E2E87711D0039CDD6 /* XCLocalSwiftPackageReference "../../../LabelKit" */,
			);
			preferredProjectObjectVersion = 77;
			productRefGroup = C146AC662E876D480039CDD6 /* Products */;
			projectDirPath = "";
			projectRoot = "";
			targets = (
				C146AC642E876D480039CDD6 /* LabelGUI */,
				C146AC712E876D490039CDD6 /* LabelGUITests */,
				C146AC7B2E876D490039CDD6 /* LabelGUIUITests */,
			);
		};
/* End PBXProject section */

/* Begin PBXResourcesBuildPhase section */
		C146AC632E876D480039CDD6 /* Resources */ = {
			isa = PBXResourcesBuildPhase;
			buildActionMask = 2147483647;
			files = (
			);
			runOnlyForDeploymentPostprocessing = 0;
		};
		C146AC702E876D490039CDD6 /* Resources */ = {
			isa = PBXResourcesBuildPhase;
			buildActionMask = 2147483647;
			files = (
			);
			runOnlyForDeploymentPostprocessing = 0;
		};
		C146AC7A2E876D490039CDD6 /* Resources */ = {
			isa = PBXResourcesBuildPhase;
			buildActionMask = 2147483647;
			files = (
			);
			runOnlyForDeploymentPostprocessing = 0;
		};
/* End PBXResourcesBuildPhase section */

/* Begin PBXSourcesBuildPhase section */
		C146AC612E876D480039CDD6 /* Sources */ = {
			isa = PBXSourcesBuildPhase;
			buildActionMask = 2147483647;
			files = (
			);
			runOnlyForDeploymentPostprocessing = 0;
		};
		C146AC6E2E876D490039CDD6 /* Sources */ = {
			isa = PBXSourcesBuildPhase;
			buildActionMask = 2147483647;
			files = (
			);
			runOnlyForDeploymentPostprocessing = 0;
		};
		C146AC782E876D490039CDD6 /* Sources */ = {
			isa = PBXSourcesBuildPhase;
			buildActionMask = 2147483647;
			files = (
			);
			runOnlyForDeploymentPostprocessing = 0;
		};
/* End PBXSourcesBuildPhase section */

/* Begin PBXTargetDependency section */
		C146AC742E876D490039CDD6 /* PBXTargetDependency */ = {
			isa = PBXTargetDependency;
			target = C146AC642E876D480039CDD6 /* LabelGUI */;
			targetProxy = C146AC732E876D490039CDD6 /* PBXContainerItemProxy */;
		};
		C146AC7E2E876D490039CDD6 /* PBXTargetDependency */ = {
			isa = PBXTargetDependency;
			target = C146AC642E876D480039CDD6 /* LabelGUI */;
			targetProxy = C146AC7D2E876D490039CDD6 /* PBXContainerItemProxy */;
		};
/* End PBXTargetDependency section */

/* Begin XCBuildConfiguration section */
		C146AC842E876D490039CDD6 /* Debug */ = {
			isa = XCBuildConfiguration;
			buildSettings = {
				ALWAYS_SEARCH_USER_PATHS = NO;
				ASSETCATALOG_COMPILER_GENERATE_SWIFT_ASSET_SYMBOL_EXTENSIONS = YES;
				CLANG_ANALYZER_NONNULL = YES;
				CLANG_ANALYZER_NUMBER_OBJECT_CONVERSION = YES_AGGRESSIVE;
				CLANG_CXX_LANGUAGE_STANDARD = "gnu++20";
				CLANG_ENABLE_MODULES = YES;
				CLANG_ENABLE_OBJC_ARC = YES;
				CLANG_ENABLE_OBJC_WEAK = YES;
				CLANG_WARN_BLOCK_CAPTURE_AUTORELEASING = YES;
				CLANG_WARN_BOOL_CONVERSION = YES;
				CLANG_WARN_COMMA = YES;
				CLANG_WARN_CONSTANT_CONVERSION = YES;
				CLANG_WARN_DEPRECATED_OBJC_IMPLEMENTATIONS = YES;
				CLANG_WARN_DIRECT_OBJC_ISA_USAGE = YES_ERROR;
				CLANG_WARN_DOCUMENTATION_COMMENTS = YES;
				CLANG_WARN_EMPTY_BODY = YES;
				CLANG_WARN_ENUM_CONVERSION = YES;
				CLANG_WARN_INFINITE_RECURSION = YES;
				CLANG_WARN_INT_CONVERSION = YES;
				CLANG_WARN_NON_LITERAL_NULL_CONVERSION = YES;
				CLANG_WARN_OBJC_IMPLICIT_RETAIN_SELF = YES;
				CLANG_WARN_OBJC_LITERAL_CONVERSION = YES;
				CLANG_WARN_OBJC_ROOT_CLASS = YES_ERROR;
				CLANG_WARN_QUOTED_INCLUDE_IN_FRAMEWORK_HEADER = YES;
				CLANG_WARN_RANGE_LOOP_ANALYSIS = YES;
				CLANG_WARN_STRICT_PROTOTYPES = YES;
				CLANG_WARN_SUSPICIOUS_MOVE = YES;
				CLANG_WARN_UNGUARDED_AVAILABILITY = YES_AGGRESSIVE;
				CLANG_WARN_UNREACHABLE_CODE = YES;
				CLANG_WARN__DUPLICATE_METHOD_MATCH = YES;
				COPY_PHASE_STRIP = NO;
				DEBUG_INFORMATION_FORMAT = dwarf;
				DEVELOPMENT_TEAM = RFDDK5QUG8;
				ENABLE_STRICT_OBJC_MSGSEND = YES;
				ENABLE_TESTABILITY = YES;
				ENABLE_USER_SCRIPT_SANDBOXING = YES;
				GCC_C_LANGUAGE_STANDARD = gnu17;
				GCC_DYNAMIC_NO_PIC = NO;
				GCC_NO_COMMON_BLOCKS = YES;
				GCC_OPTIMIZATION_LEVEL = 0;
				GCC_PREPROCESSOR_DEFINITIONS = (
					"DEBUG=1",
					"$(inherited)",
				);
				GCC_WARN_64_TO_32_BIT_CONVERSION = YES;
				GCC_WARN_ABOUT_RETURN_TYPE = YES_ERROR;
				GCC_WARN_UNDECLARED_SELECTOR = YES;
				GCC_WARN_UNINITIALIZED_AUTOS = YES_AGGRESSIVE;
				GCC_WARN_UNUSED_FUNCTION = YES;
				GCC_WARN_UNUSED_VARIABLE = YES;
				LOCALIZATION_PREFERS_STRING_CATALOGS = YES;
				MACOSX_DEPLOYMENT_TARGET = 26.0;
				MTL_ENABLE_DEBUG_INFO = INCLUDE_SOURCE;
				MTL_FAST_MATH = YES;
				ONLY_ACTIVE_ARCH = YES;
				SDKROOT = macosx;
				SWIFT_ACTIVE_COMPILATION_CONDITIONS = "DEBUG $(inherited)";
				SWIFT_OPTIMIZATION_LEVEL = "-Onone";
			};
			name = Debug;
		};
		C146AC852E876D490039CDD6 /* Release */ = {
			isa = XCBuildConfiguration;
			buildSettings = {
				ALWAYS_SEARCH_USER_PATHS = NO;
				ASSETCATALOG_COMPILER_GENERATE_SWIFT_ASSET_SYMBOL_EXTENSIONS = YES;
				CLANG_ANALYZER_NONNULL = YES;
				CLANG_ANALYZER_NUMBER_OBJECT_CONVERSION = YES_AGGRESSIVE;
				CLANG_CXX_LANGUAGE_STANDARD = "gnu++20";
				CLANG_ENABLE_MODULES = YES;
				CLANG_ENABLE_OBJC_ARC = YES;
				CLANG_ENABLE_OBJC_WEAK = YES;
				CLANG_WARN_BLOCK_CAPTURE_AUTORELEASING = YES;
				CLANG_WARN_BOOL_CONVERSION = YES;
				CLANG_WARN_COMMA = YES;
				CLANG_WARN_CONSTANT_CONVERSION = YES;
				CLANG_WARN_DEPRECATED_OBJC_IMPLEMENTATIONS = YES;
				CLANG_WARN_DIRECT_OBJC_ISA_USAGE = YES_ERROR;
				CLANG_WARN_DOCUMENTATION_COMMENTS = YES;
				CLANG_WARN_EMPTY_BODY = YES;
				CLANG_WARN_ENUM_CONVERSION = YES;
				CLANG_WARN_INFINITE_RECURSION = YES;
				CLANG_WARN_INT_CONVERSION = YES;
				CLANG_WARN_NON_LITERAL_NULL_CONVERSION = YES;
				CLANG_WARN_OBJC_IMPLICIT_RETAIN_SELF = YES;
				CLANG_WARN_OBJC_LITERAL_CONVERSION = YES;
				CLANG_WARN_OBJC_ROOT_CLASS = YES_ERROR;
				CLANG_WARN_QUOTED_INCLUDE_IN_FRAMEWORK_HEADER = YES;
				CLANG_WARN_RANGE_LOOP_ANALYSIS = YES;
				CLANG_WARN_STRICT_PROTOTYPES = YES;
				CLANG_WARN_SUSPICIOUS_MOVE = YES;
				CLANG_WARN_UNGUARDED_AVAILABILITY = YES_AGGRESSIVE;
				CLANG_WARN_UNREACHABLE_CODE = YES;
				CLANG_WARN__DUPLICATE_METHOD_MATCH = YES;
				COPY_PHASE_STRIP = NO;
				DEBUG_INFORMATION_FORMAT = "dwarf-with-dsym";
				DEVELOPMENT_TEAM = RFDDK5QUG8;
				ENABLE_NS_ASSERTIONS = NO;
				ENABLE_STRICT_OBJC_MSGSEND = YES;
				ENABLE_USER_SCRIPT_SANDBOXING = YES;
				GCC_C_LANGUAGE_STANDARD = gnu17;
				GCC_NO_COMMON_BLOCKS = YES;
				GCC_WARN_64_TO_32_BIT_CONVERSION = YES;
				GCC_WARN_ABOUT_RETURN_TYPE = YES_ERROR;
				GCC_WARN_UNDECLARED_SELECTOR = YES;
				GCC_WARN_UNINITIALIZED_AUTOS = YES_AGGRESSIVE;
				GCC_WARN_UNUSED_FUNCTION = YES;
				GCC_WARN_UNUSED_VARIABLE = YES;
				LOCALIZATION_PREFERS_STRING_CATALOGS = YES;
				MACOSX_DEPLOYMENT_TARGET = 26.0;
				MTL_ENABLE_DEBUG_INFO = NO;
				MTL_FAST_MATH = YES;
				SDKROOT = macosx;
				SWIFT_COMPILATION_MODE = wholemodule;
			};
			name = Release;
		};
		C146AC872E876D490039CDD6 /* Debug */ = {
			isa = XCBuildConfiguration;
			buildSettings = {
				ASSETCATALOG_COMPILER_APPICON_NAME = AppIcon;
				ASSETCATALOG_COMPILER_GLOBAL_ACCENT_COLOR_NAME = AccentColor;
				CODE_SIGN_STYLE = Automatic;
				COMBINE_HIDPI_IMAGES = YES;
				CURRENT_PROJECT_VERSION = 1;
				DEVELOPMENT_TEAM = RFDDK5QUG8;
				ENABLE_APP_SANDBOX = YES;
				ENABLE_HARDENED_RUNTIME = YES;
				ENABLE_PREVIEWS = YES;
				ENABLE_USER_SELECTED_FILES = readonly;
				GENERATE_INFOPLIST_FILE = YES;
				INFOPLIST_KEY_NSHumanReadableCopyright = "";
				LD_RUNPATH_SEARCH_PATHS = (
					"$(inherited)",
					"@executable_path/../Frameworks",
				);
				MARKETING_VERSION = 1.0;
				PRODUCT_BUNDLE_IDENTIFIER = com.peterichardson.LabelGUI;
				PRODUCT_NAME = "$(TARGET_NAME)";
				REGISTER_APP_GROUPS = YES;
				STRING_CATALOG_GENERATE_SYMBOLS = YES;
				SWIFT_APPROACHABLE_CONCURRENCY = YES;
				SWIFT_DEFAULT_ACTOR_ISOLATION = MainActor;
				SWIFT_EMIT_LOC_STRINGS = YES;
				SWIFT_UPCOMING_FEATURE_MEMBER_IMPORT_VISIBILITY = YES;
				SWIFT_VERSION = 5.0;
			};
			name = Debug;
		};
		C146AC882E876D490039CDD6 /* Release */ = {
			isa = XCBuildConfiguration;
			buildSettings = {
				ASSETCATALOG_COMPILER_APPICON_NAME = AppIcon;
				ASSETCATALOG_COMPILER_GLOBAL_ACCENT_COLOR_NAME = AccentColor;
				CODE_SIGN_STYLE = Automatic;
				COMBINE_HIDPI_IMAGES = YES;
				CURRENT_PROJECT_VERSION = 1;
				DEVELOPMENT_TEAM = RFDDK5QUG8;
				ENABLE_APP_SANDBOX = YES;
				ENABLE_HARDENED_RUNTIME = YES;
				ENABLE_PREVIEWS = YES;
				ENABLE_USER_SELECTED_FILES = readonly;
				GENERATE_INFOPLIST_FILE = YES;
				INFOPLIST_KEY_NSHumanReadableCopyright = "";
				LD_RUNPATH_SEARCH_PATHS = (
					"$(inherited)",
					"@executable_path/../Frameworks",
				);
				MARKETING_VERSION = 1.0;
				PRODUCT_BUNDLE_IDENTIFIER = com.peterichardson.LabelGUI;
				PRODUCT_NAME = "$(TARGET_NAME)";
				REGISTER_APP_GROUPS = YES;
				STRING_CATALOG_GENERATE_SYMBOLS = YES;
				SWIFT_APPROACHABLE_CONCURRENCY = YES;
				SWIFT_DEFAULT_ACTOR_ISOLATION = MainActor;
				SWIFT_EMIT_LOC_STRINGS = YES;
				SWIFT_UPCOMING_FEATURE_MEMBER_IMPORT_VISIBILITY = YES;
				SWIFT_VERSION = 5.0;
			};
			name = Release;
		};
		C146AC8A2E876D490039CDD6 /* Debug */ = {
			isa = XCBuildConfiguration;
			buildSettings = {
				BUNDLE_LOADER = "$(TEST_HOST)";
				CODE_SIGN_STYLE = Automatic;
				CURRENT_PROJECT_VERSION = 1;
				DEVELOPMENT_TEAM = RFDDK5QUG8;
				GENERATE_INFOPLIST_FILE = YES;
				MACOSX_DEPLOYMENT_TARGET = 26.0;
				MARKETING_VERSION = 1.0;
				PRODUCT_BUNDLE_IDENTIFIER = com.peterichardson.LabelGUITests;
				PRODUCT_NAME = "$(TARGET_NAME)";
				STRING_CATALOG_GENERATE_SYMBOLS = NO;
				SWIFT_APPROACHABLE_CONCURRENCY = YES;
				SWIFT_EMIT_LOC_STRINGS = NO;
				SWIFT_UPCOMING_FEATURE_MEMBER_IMPORT_VISIBILITY = YES;
				SWIFT_VERSION = 5.0;
				TEST_HOST = "$(BUILT_PRODUCTS_DIR)/LabelGUI.app/$(BUNDLE_EXECUTABLE_FOLDER_PATH)/LabelGUI";
			};
			name = Debug;
		};
		C146AC8B2E876D490039CDD6 /* Release */ = {
			isa = XCBuildConfiguration;
			buildSettings = {
				BUNDLE_LOADER = "$(TEST_HOST)";
				CODE_SIGN_STYLE = Automatic;
				CURRENT_PROJECT_VERSION = 1;
				DEVELOPMENT_TEAM = RFDDK5QUG8;
				GENERATE_INFOPLIST_FILE = YES;
				MACOSX_DEPLOYMENT_TARGET = 26.0;
				MARKETING_VERSION = 1.0;
				PRODUCT_BUNDLE_IDENTIFIER = com.peterichardson.LabelGUITests;
				PRODUCT_NAME = "$(TARGET_NAME)";
				STRING_CATALOG_GENERATE_SYMBOLS = NO;
				SWIFT_APPROACHABLE_CONCURRENCY = YES;
				SWIFT_EMIT_LOC_STRINGS = NO;
				SWIFT_UPCOMING_FEATURE_MEMBER_IMPORT_VISIBILITY = YES;
				SWIFT_VERSION = 5.0;
				TEST_HOST = "$(BUILT_PRODUCTS_DIR)/LabelGUI.app/$(BUNDLE_EXECUTABLE_FOLDER_PATH)/LabelGUI";
			};
			name = Release;
		};
		C146AC8D2E876D490039CDD6 /* Debug */ = {
			isa = XCBuildConfiguration;
			buildSettings = {
				CODE_SIGN_STYLE = Automatic;
				CURRENT_PROJECT_VERSION = 1;
				DEVELOPMENT_TEAM = RFDDK5QUG8;
				GENERATE_INFOPLIST_FILE = YES;
				MARKETING_VERSION = 1.0;
				PRODUCT_BUNDLE_IDENTIFIER = com.peterichardson.LabelGUIUITests;
				PRODUCT_NAME = "$(TARGET_NAME)";
				STRING_CATALOG_GENERATE_SYMBOLS = NO;
				SWIFT_APPROACHABLE_CONCURRENCY = YES;
				SWIFT_EMIT_LOC_STRINGS = NO;
				SWIFT_UPCOMING_FEATURE_MEMBER_IMPORT_VISIBILITY = YES;
				SWIFT_VERSION = 5.0;
				TEST_TARGET_NAME = LabelGUI;
			};
			name = Debug;
		};
		C146AC8E2E876D490039CDD6 /* Release */ = {
			isa = XCBuildConfiguration;
			buildSettings = {
				CODE_SIGN_STYLE = Automatic;
				CURRENT_PROJECT_VERSION = 1;
				DEVELOPMENT_TEAM = RFDDK5QUG8;
				GENERATE_INFOPLIST_FILE = YES;
				MARKETING_VERSION = 1.0;
				PRODUCT_BUNDLE_IDENTIFIER = com.peterichardson.LabelGUIUITests;
				PRODUCT_NAME = "$(TARGET_NAME)";
				STRING_CATALOG_GENERATE_SYMBOLS = NO;
				SWIFT_APPROACHABLE_CONCURRENCY = YES;
				SWIFT_EMIT_LOC_STRINGS = NO;
				SWIFT_UPCOMING_FEATURE_MEMBER_IMPORT_VISIBILITY = YES;
				SWIFT_VERSION = 5.0;
				TEST_TARGET_NAME = LabelGUI;
			};
			name = Release;
		};
/* End XCBuildConfiguration section */

/* Begin XCConfigurationList section */
		C146AC602E876D480039CDD6 /* Build configuration list for PBXProject "LabelGUI" */ = {
			isa = XCConfigurationList;
			buildConfigurations = (
				C146AC842E876D490039CDD6 /* Debug */,
				C146AC852E876D490039CDD6 /* Release */,
			);
			defaultConfigurationIsVisible = 0;
			defaultConfigurationName = Release;
		};
		C146AC862E876D490039CDD6 /* Build configuration list for PBXNativeTarget "LabelGUI" */ = {
			isa = XCConfigurationList;
			buildConfigurations = (
				C146AC872E876D490039CDD6 /* Debug */,
				C146AC882E876D490039CDD6 /* Release */,
			);
			defaultConfigurationIsVisible = 0;
			defaultConfigurationName = Release;
		};
		C146AC892E876D490039CDD6 /* Build configuration list for PBXNativeTarget "LabelGUITests" */ = {
			isa = XCConfigurationList;
			buildConfigurations = (
				C146AC8A2E876D490039CDD6 /* Debug */,
				C146AC8B2E876D490039CDD6 /* Release */,
			);
			defaultConfigurationIsVisible = 0;
			defaultConfigurationName = Release;
		};
		C146AC8C2E876D490039CDD6 /* Build configuration list for PBXNativeTarget "LabelGUIUITests" */ = {
			isa = XCConfigurationList;
			buildConfigurations = (
				C146AC8D2E876D490039CDD6 /* Debug */,
				C146AC8E2E876D490039CDD6 /* Release */,
			);
			defaultConfigurationIsVisible = 0;
			defaultConfigurationName = Release;
		};
/* End XCConfigurationList section */

/* Begin XCLocalSwiftPackageReference section */
		C146AC9E2E87711D0039CDD6 /* XCLocalSwiftPackageReference "../../../LabelKit" */ = {
			isa = XCLocalSwiftPackageReference;
			relativePath = ../../../LabelKit;
		};
/* End XCLocalSwiftPackageReference section */

/* Begin XCSwiftPackageProductDependency section */
		C146AC9F2E87711D0039CDD6 /* LabelKit */ = {
			isa = XCSwiftPackageProductDependency;
			productName = LabelKit;
		};
/* End XCSwiftPackageProductDependency section */
	};
	rootObject = C146AC5D2E876D480039CDD6 /* Project object */;
}
